
Microsoft Visual Studio Solution File, Format Version 12.00
# Visual Studio Version 16
VisualStudioVersion = 16.0.31019.35
MinimumVisualStudioVersion = 10.0.40219.1
Project("{FAE04EC0-301F-11D3-BF4B-00C04F79EFBC}") = "car.console.app", "car.console.app\car.console.app.csproj", "{63EB4C43-FE6A-4DED-8A30-376E5FA627E4}"
EndProject
Global
	GlobalSection(SolutionConfigurationPlatforms) = preSolution
		Debug|Any CPU = Debug|Any CPU
		Release|Any CPU = Release|Any CPU
	EndGlobalSection
	GlobalSection(ProjectConfigurationPlatforms) = postSolution
		{63EB4C43-FE6A-4DED-8A30-376E5FA627E4}.Debug|Any CPU.ActiveCfg = Debug|Any CPU
		{63EB4C43-FE6A-4DED-8A30-376E5FA627E4}.Debug|Any CPU.Build.0 = Debug|Any CPU
		{63EB4C43-FE6A-4DED-8A30-376E5FA627E4}.Release|Any CPU.ActiveCfg = Release|Any CPU
		{63EB4C43-FE6A-4DED-8A30-376E5FA627E4}.Release|Any CPU.Build.0 = Release|Any CPU
	EndGlobalSection
	GlobalSection(SolutionProperties) = preSolution
		HideSolutionNode = FALSE
	EndGlobalSection
	GlobalSection(ExtensibilityGlobals) = postSolution
		SolutionGuid = {01DA8972-1758-4A86-9C1C-F2D48C428153}
	EndGlobalSection
EndGlobal
